{
  "name": "belessbad",
  "version": "0.1.0",
  "lockfileVersion": 1,
  "requires": true,
  "dependencies": {
    "@material/animation": {
      "version": "3.1.0",
      "resolved": "https://artifacts.werally.in:443/artifactory/api/npm/npm/@material/animation/-/animation-3.1.0.tgz",
      "integrity": "sha1-qwTnwukqs3Ciso0SrxuIU40jAU8=",
      "requires": {
        "tslib": "^1.9.3"
      }
    },
    "@material/auto-init": {
      "version": "3.1.0",
      "resolved": "https://artifacts.werally.in:443/artifactory/api/npm/npm/@material/auto-init/-/auto-init-3.1.0.tgz",
      "integrity": "sha1-vysdzBLZwJsfYYLwrA26fAmGiDw=",
      "requires": {
        "@material/base": "^3.1.0",
        "tslib": "^1.9.3"
      }
    },
    "@material/base": {
      "version": "3.1.0",
      "resolved": "https://artifacts.werally.in:443/artifactory/api/npm/npm/@material/base/-/base-3.1.0.tgz",
      "integrity": "sha1-q5M4lqtjkNTh0vl5e3SpD0fbJyo=",
      "requires": {
        "tslib": "^1.9.3"
      }
    },
    "@material/button": {
      "version": "3.1.0",
      "resolved": "https://artifacts.werally.in:443/artifactory/api/npm/npm/@material/button/-/button-3.1.0.tgz",
      "integrity": "sha1-vuYKel7Ap8PcskLaxIu9rxa6xms=",
      "requires": {
        "@material/elevation": "^3.1.0",
        "@material/feature-targeting": "^3.1.0",
        "@material/ripple": "^3.1.0",
        "@material/rtl": "^3.1.0",
        "@material/shape": "^3.1.0",
        "@material/theme": "^3.1.0",
        "@material/typography": "^3.1.0"
      }
    },
    "@material/card": {
      "version": "3.1.0",
      "resolved": "https://artifacts.werally.in:443/artifactory/api/npm/npm/@material/card/-/card-3.1.0.tgz",
      "integrity": "sha1-nSbrmVyulZPegawq6TGzujUebDc=",
      "requires": {
        "@material/elevation": "^3.1.0",
        "@material/feature-targeting": "^3.1.0",
        "@material/ripple": "^3.1.0",
        "@material/rtl": "^3.1.0",
        "@material/shape": "^3.1.0",
        "@material/theme": "^3.1.0"
      }
    },
    "@material/checkbox": {
      "version": "3.1.0",
      "resolved": "https://artifacts.werally.in:443/artifactory/api/npm/npm/@material/checkbox/-/checkbox-3.1.0.tgz",
      "integrity": "sha1-u46t2g0mDnXop0eUGEkO7IRqhSA=",
      "requires": {
        "@material/animation": "^3.1.0",
        "@material/base": "^3.1.0",
        "@material/dom": "^3.1.0",
        "@material/feature-targeting": "^3.1.0",
        "@material/ripple": "^3.1.0",
        "@material/rtl": "^3.1.0",
        "@material/theme": "^3.1.0",
        "tslib": "^1.9.3"
      }
    },
    "@material/chips": {
      "version": "3.1.0",
      "resolved": "https://artifacts.werally.in:443/artifactory/api/npm/npm/@material/chips/-/chips-3.1.0.tgz",
      "integrity": "sha1-27KR6PvQsMJsgf0edFdKAdgqbs0=",
      "requires": {
        "@material/animation": "^3.1.0",
        "@material/base": "^3.1.0",
        "@material/checkbox": "^3.1.0",
        "@material/elevation": "^3.1.0",
        "@material/feature-targeting": "^3.1.0",
        "@material/ripple": "^3.1.0",
        "@material/shape": "^3.1.0",
        "@material/theme": "^3.1.0",
        "@material/typography": "^3.1.0",
        "tslib": "^1.9.3"
      }
    },
    "@material/data-table": {
      "version": "3.1.1",
      "resolved": "https://artifacts.werally.in:443/artifactory/api/npm/npm/@material/data-table/-/data-table-3.1.1.tgz",
      "integrity": "sha1-Poji+Lp9ilYgjL5Qa32zQpEcW9M=",
      "requires": {
        "@material/animation": "^3.1.0",
        "@material/base": "^3.1.0",
        "@material/checkbox": "^3.1.0",
        "@material/dom": "^3.1.0",
        "@material/elevation": "^3.1.0",
        "@material/feature-targeting": "^3.1.0",
        "@material/ripple": "^3.1.0",
        "@material/rtl": "^3.1.0",
        "@material/shape": "^3.1.0",
        "@material/theme": "^3.1.0",
        "@material/typography": "^3.1.0",
        "tslib": "^1.10.0"
      }
    },
    "@material/dialog": {
      "version": "3.1.0",
      "resolved": "https://artifacts.werally.in:443/artifactory/api/npm/npm/@material/dialog/-/dialog-3.1.0.tgz",
      "integrity": "sha1-0rARJY4WXnJHQLEFa2L7R1qGQ/o=",
      "requires": {
        "@material/animation": "^3.1.0",
        "@material/base": "^3.1.0",
        "@material/dom": "^3.1.0",
        "@material/elevation": "^3.1.0",
        "@material/feature-targeting": "^3.1.0",
        "@material/ripple": "^3.1.0",
        "@material/rtl": "^3.1.0",
        "@material/shape": "^3.1.0",
        "@material/theme": "^3.1.0",
        "@material/typography": "^3.1.0",
        "focus-trap": "^5.0.0",
        "tslib": "^1.9.3"
      }
    },
    "@material/dom": {
      "version": "3.1.0",
      "resolved": "https://artifacts.werally.in:443/artifactory/api/npm/npm/@material/dom/-/dom-3.1.0.tgz",
      "integrity": "sha1-HljK0M1eHZ1vbLB0IuMnrTSp1AU=",
      "requires": {
        "tslib": "^1.9.3"
      }
    },
    "@material/drawer": {
      "version": "3.1.1",
      "resolved": "https://artifacts.werally.in:443/artifactory/api/npm/npm/@material/drawer/-/drawer-3.1.1.tgz",
      "integrity": "sha1-nXwiR8tRhYqiQKotdxjOS0xgLMw=",
      "requires": {
        "@material/animation": "^3.1.0",
        "@material/base": "^3.1.0",
        "@material/elevation": "^3.1.0",
        "@material/feature-targeting": "^3.1.0",
        "@material/list": "^3.1.0",
        "@material/ripple": "^3.1.0",
        "@material/rtl": "^3.1.0",
        "@material/shape": "^3.1.0",
        "@material/theme": "^3.1.0",
        "@material/typography": "^3.1.0",
        "focus-trap": "^5.0.0",
        "tslib": "^1.9.3"
      }
    },
    "@material/elevation": {
      "version": "3.1.0",
      "resolved": "https://artifacts.werally.in:443/artifactory/api/npm/npm/@material/elevation/-/elevation-3.1.0.tgz",
      "integrity": "sha1-L8veR2U8wRVRmjmswtBLNOTP8Ss=",
      "requires": {
        "@material/animation": "^3.1.0",
        "@material/feature-targeting": "^3.1.0",
        "@material/theme": "^3.1.0"
      }
    },
    "@material/fab": {
      "version": "3.1.0",
      "resolved": "https://artifacts.werally.in:443/artifactory/api/npm/npm/@material/fab/-/fab-3.1.0.tgz",
      "integrity": "sha1-LqQu4ONRuU+M4lEL0pL3+dBe9us=",
      "requires": {
        "@material/animation": "^3.1.0",
        "@material/elevation": "^3.1.0",
        "@material/feature-targeting": "^3.1.0",
        "@material/ripple": "^3.1.0",
        "@material/rtl": "^3.1.0",
        "@material/shape": "^3.1.0",
        "@material/theme": "^3.1.0",
        "@material/typography": "^3.1.0"
      }
    },
    "@material/feature-targeting": {
      "version": "3.1.0",
      "resolved": "https://artifacts.werally.in:443/artifactory/api/npm/npm/@material/feature-targeting/-/feature-targeting-3.1.0.tgz",
      "integrity": "sha1-pvbKzR4Mm2DcgvLzuy3oz9RyJSs="
    },
    "@material/floating-label": {
      "version": "3.1.0",
      "resolved": "https://artifacts.werally.in:443/artifactory/api/npm/npm/@material/floating-label/-/floating-label-3.1.0.tgz",
      "integrity": "sha1-i+NjC4NdA2gnGw4b0CvXy/Qi5WA=",
      "requires": {
        "@material/animation": "^3.1.0",
        "@material/base": "^3.1.0",
        "@material/rtl": "^3.1.0",
        "@material/theme": "^3.1.0",
        "@material/typography": "^3.1.0",
        "tslib": "^1.9.3"
      }
    },
    "@material/form-field": {
      "version": "3.1.0",
      "resolved": "https://artifacts.werally.in:443/artifactory/api/npm/npm/@material/form-field/-/form-field-3.1.0.tgz",
      "integrity": "sha1-COPavX4r5OWDECO0hpdfVpDwiXw=",
      "requires": {
        "@material/base": "^3.1.0",
        "@material/feature-targeting": "^3.1.0",
        "@material/ripple": "^3.1.0",
        "@material/rtl": "^3.1.0",
        "@material/theme": "^3.1.0",
        "@material/typography": "^3.1.0",
        "tslib": "^1.9.3"
      }
    },
    "@material/grid-list": {
      "version": "3.1.0",
      "resolved": "https://artifacts.werally.in:443/artifactory/api/npm/npm/@material/grid-list/-/grid-list-3.1.0.tgz",
      "integrity": "sha1-vlgCLLXkfj+rUvBtyorwbre5L18=",
      "requires": {
        "@material/base": "^3.1.0",
        "@material/feature-targeting": "^3.1.0",
        "@material/rtl": "^3.1.0",
        "@material/theme": "^3.1.0",
        "@material/typography": "^3.1.0",
        "tslib": "^1.9.3"
      }
    },
    "@material/icon-button": {
      "version": "3.1.0",
      "resolved": "https://artifacts.werally.in:443/artifactory/api/npm/npm/@material/icon-button/-/icon-button-3.1.0.tgz",
      "integrity": "sha1-hD1lJqR6IOwr+bG6ZowzzMmn7Kc=",
      "requires": {
        "@material/base": "^3.1.0",
        "@material/feature-targeting": "^3.1.0",
        "@material/ripple": "^3.1.0",
        "@material/theme": "^3.1.0",
        "tslib": "^1.9.3"
      }
    },
    "@material/image-list": {
      "version": "3.1.0",
      "resolved": "https://artifacts.werally.in:443/artifactory/api/npm/npm/@material/image-list/-/image-list-3.1.0.tgz",
      "integrity": "sha1-ZnaDhn4hqvtRCYxGEyM1WOYWZI4=",
      "requires": {
        "@material/feature-targeting": "^3.1.0",
        "@material/shape": "^3.1.0",
        "@material/theme": "^3.1.0",
        "@material/typography": "^3.1.0"
      }
    },
    "@material/layout-grid": {
      "version": "3.1.0",
      "resolved": "https://artifacts.werally.in:443/artifactory/api/npm/npm/@material/layout-grid/-/layout-grid-3.1.0.tgz",
      "integrity": "sha1-fzMF8/I2/Wo0f/muFEBkD/ZOhNg="
    },
    "@material/line-ripple": {
      "version": "3.1.0",
      "resolved": "https://artifacts.werally.in:443/artifactory/api/npm/npm/@material/line-ripple/-/line-ripple-3.1.0.tgz",
      "integrity": "sha1-Y6T0HyoqXfAcLiKadvwrBzXNYsA=",
      "requires": {
        "@material/animation": "^3.1.0",
        "@material/base": "^3.1.0",
        "@material/theme": "^3.1.0",
        "tslib": "^1.9.3"
      }
    },
    "@material/linear-progress": {
      "version": "3.1.0",
      "resolved": "https://artifacts.werally.in:443/artifactory/api/npm/npm/@material/linear-progress/-/linear-progress-3.1.0.tgz",
      "integrity": "sha1-Zqir64pvYHopo6EWI3XK/YNvDkw=",
      "requires": {
        "@material/animation": "^3.1.0",
        "@material/base": "^3.1.0",
        "@material/theme": "^3.1.0",
        "tslib": "^1.9.3"
      }
    },
    "@material/list": {
      "version": "3.1.0",
      "resolved": "https://artifacts.werally.in:443/artifactory/api/npm/npm/@material/list/-/list-3.1.0.tgz",
      "integrity": "sha1-1XXoAcY06ZK/QDRNwJF7VpR6PLk=",
      "requires": {
        "@material/base": "^3.1.0",
        "@material/dom": "^3.1.0",
        "@material/feature-targeting": "^3.1.0",
        "@material/ripple": "^3.1.0",
        "@material/rtl": "^3.1.0",
        "@material/shape": "^3.1.0",
        "@material/theme": "^3.1.0",
        "@material/typography": "^3.1.0",
        "tslib": "^1.9.3"
      }
    },
    "@material/menu": {
      "version": "3.1.0",
      "resolved": "https://artifacts.werally.in:443/artifactory/api/npm/npm/@material/menu/-/menu-3.1.0.tgz",
      "integrity": "sha1-XCwqXpNFOLe58RIakUdeunWSTOQ=",
      "requires": {
        "@material/base": "^3.1.0",
        "@material/dom": "^3.1.0",
        "@material/feature-targeting": "^3.1.0",
        "@material/list": "^3.1.0",
        "@material/menu-surface": "^3.1.0",
        "@material/ripple": "^3.1.0",
        "@material/rtl": "^3.1.0",
        "tslib": "^1.9.3"
      }
    },
    "@material/menu-surface": {
      "version": "3.1.0",
      "resolved": "https://artifacts.werally.in:443/artifactory/api/npm/npm/@material/menu-surface/-/menu-surface-3.1.0.tgz",
      "integrity": "sha1-VCIJfeQ6Nx2bf0kxq4e8hmcKTj8=",
      "requires": {
        "@material/animation": "^3.1.0",
        "@material/base": "^3.1.0",
        "@material/elevation": "^3.1.0",
        "@material/feature-targeting": "^3.1.0",
        "@material/rtl": "^3.1.0",
        "@material/shape": "^3.1.0",
        "@material/theme": "^3.1.0",
        "tslib": "^1.9.3"
      }
    },
    "@material/notched-outline": {
      "version": "3.1.0",
      "resolved": "https://artifacts.werally.in:443/artifactory/api/npm/npm/@material/notched-outline/-/notched-outline-3.1.0.tgz",
      "integrity": "sha1-OJy5IkBHJiDp7mVR+yZ++9Za43Y=",
      "requires": {
        "@material/animation": "^3.1.0",
        "@material/base": "^3.1.0",
        "@material/floating-label": "^3.1.0",
        "@material/rtl": "^3.1.0",
        "@material/shape": "^3.1.0",
        "@material/theme": "^3.1.0",
        "tslib": "^1.9.3"
      }
    },
    "@material/radio": {
      "version": "3.1.0",
      "resolved": "https://artifacts.werally.in:443/artifactory/api/npm/npm/@material/radio/-/radio-3.1.0.tgz",
      "integrity": "sha1-9LrTTIiaRKFunqvd2ulQ2JsFcQY=",
      "requires": {
        "@material/animation": "^3.1.0",
        "@material/base": "^3.1.0",
        "@material/dom": "^3.1.0",
        "@material/feature-targeting": "^3.1.0",
        "@material/ripple": "^3.1.0",
        "@material/theme": "^3.1.0",
        "tslib": "^1.9.3"
      }
    },
    "@material/ripple": {
      "version": "3.1.0",
      "resolved": "https://artifacts.werally.in:443/artifactory/api/npm/npm/@material/ripple/-/ripple-3.1.0.tgz",
      "integrity": "sha1-XLWB6acEFcUMi5Ls2GKNXurjTHQ=",
      "requires": {
        "@material/animation": "^3.1.0",
        "@material/base": "^3.1.0",
        "@material/dom": "^3.1.0",
        "@material/feature-targeting": "^3.1.0",
        "@material/theme": "^3.1.0",
        "tslib": "^1.9.3"
      }
    },
    "@material/rtl": {
      "version": "3.1.0",
      "resolved": "https://artifacts.werally.in:443/artifactory/api/npm/npm/@material/rtl/-/rtl-3.1.0.tgz",
      "integrity": "sha1-ilJUvPbE2JfhYgbVK6mLjrmNRbc="
    },
    "@material/select": {
      "version": "3.1.0",
      "resolved": "https://artifacts.werally.in:443/artifactory/api/npm/npm/@material/select/-/select-3.1.0.tgz",
      "integrity": "sha1-cbYt5l9Oy3ehJgF6y8ewYqs/zJY=",
      "requires": {
        "@material/animation": "^3.1.0",
        "@material/base": "^3.1.0",
        "@material/floating-label": "^3.1.0",
        "@material/line-ripple": "^3.1.0",
        "@material/menu": "^3.1.0",
        "@material/menu-surface": "^3.1.0",
        "@material/notched-outline": "^3.1.0",
        "@material/ripple": "^3.1.0",
        "@material/rtl": "^3.1.0",
        "@material/shape": "^3.1.0",
        "@material/theme": "^3.1.0",
        "@material/typography": "^3.1.0",
        "tslib": "^1.9.3"
      }
    },
    "@material/shape": {
      "version": "3.1.0",
      "resolved": "https://artifacts.werally.in:443/artifactory/api/npm/npm/@material/shape/-/shape-3.1.0.tgz",
      "integrity": "sha1-fMrGYG0K5Ft3mz5SuJIcCcKy9Ck=",
      "requires": {
        "@material/feature-targeting": "^3.1.0"
      }
    },
    "@material/slider": {
      "version": "3.1.0",
      "resolved": "https://artifacts.werally.in:443/artifactory/api/npm/npm/@material/slider/-/slider-3.1.0.tgz",
      "integrity": "sha1-dvg1LEH838Fj4T9ZYJqGij53uCU=",
      "requires": {
        "@material/animation": "^3.1.0",
        "@material/base": "^3.1.0",
        "@material/dom": "^3.1.0",
        "@material/feature-targeting": "^3.1.0",
        "@material/rtl": "^3.1.0",
        "@material/theme": "^3.1.0",
        "@material/typography": "^3.1.0",
        "tslib": "^1.9.3"
      }
    },
    "@material/snackbar": {
      "version": "3.1.0",
      "resolved": "https://artifacts.werally.in:443/artifactory/api/npm/npm/@material/snackbar/-/snackbar-3.1.0.tgz",
      "integrity": "sha1-bsCn4pHMVQ5fMEh5crVtT+ctrw4=",
      "requires": {
        "@material/animation": "^3.1.0",
        "@material/base": "^3.1.0",
        "@material/button": "^3.1.0",
        "@material/dom": "^3.1.0",
        "@material/feature-targeting": "^3.1.0",
        "@material/icon-button": "^3.1.0",
        "@material/ripple": "^3.1.0",
        "@material/rtl": "^3.1.0",
        "@material/shape": "^3.1.0",
        "@material/theme": "^3.1.0",
        "@material/typography": "^3.1.0",
        "tslib": "^1.9.3"
      }
    },
    "@material/switch": {
      "version": "3.1.0",
      "resolved": "https://artifacts.werally.in:443/artifactory/api/npm/npm/@material/switch/-/switch-3.1.0.tgz",
      "integrity": "sha1-amELBTOc5NFF93kd67NzArjy73A=",
      "requires": {
        "@material/animation": "^3.1.0",
        "@material/base": "^3.1.0",
        "@material/dom": "^3.1.0",
        "@material/elevation": "^3.1.0",
        "@material/feature-targeting": "^3.1.0",
        "@material/ripple": "^3.1.0",
        "@material/rtl": "^3.1.0",
        "@material/theme": "^3.1.0",
        "tslib": "^1.9.3"
      }
    },
    "@material/tab": {
      "version": "3.1.0",
      "resolved": "https://artifacts.werally.in:443/artifactory/api/npm/npm/@material/tab/-/tab-3.1.0.tgz",
      "integrity": "sha1-e7hj00fPioyRSJkh7JjMhsa18xg=",
      "requires": {
        "@material/base": "^3.1.0",
        "@material/feature-targeting": "^3.1.0",
        "@material/ripple": "^3.1.0",
        "@material/rtl": "^3.1.0",
        "@material/tab-indicator": "^3.1.0",
        "@material/theme": "^3.1.0",
        "@material/typography": "^3.1.0",
        "tslib": "^1.9.3"
      }
    },
    "@material/tab-bar": {
      "version": "3.1.0",
      "resolved": "https://artifacts.werally.in:443/artifactory/api/npm/npm/@material/tab-bar/-/tab-bar-3.1.0.tgz",
      "integrity": "sha1-B6MBAxYPVJKIMfhcaiCy1ldAdyU=",
      "requires": {
        "@material/base": "^3.1.0",
        "@material/elevation": "^3.1.0",
        "@material/feature-targeting": "^3.1.0",
        "@material/tab": "^3.1.0",
        "@material/tab-scroller": "^3.1.0",
        "tslib": "^1.9.3"
      }
    },
    "@material/tab-indicator": {
      "version": "3.1.0",
      "resolved": "https://artifacts.werally.in:443/artifactory/api/npm/npm/@material/tab-indicator/-/tab-indicator-3.1.0.tgz",
      "integrity": "sha1-qsXeSvXLVtpJJTX/Y7sklaBj/TE=",
      "requires": {
        "@material/animation": "^3.1.0",
        "@material/base": "^3.1.0",
        "@material/feature-targeting": "^3.1.0",
        "@material/theme": "^3.1.0",
        "tslib": "^1.9.3"
      }
    },
    "@material/tab-scroller": {
      "version": "3.1.0",
      "resolved": "https://artifacts.werally.in:443/artifactory/api/npm/npm/@material/tab-scroller/-/tab-scroller-3.1.0.tgz",
      "integrity": "sha1-eVyYT308lIfW9i9simIwbCFn6FM=",
      "requires": {
        "@material/animation": "^3.1.0",
        "@material/base": "^3.1.0",
        "@material/dom": "^3.1.0",
        "@material/feature-targeting": "^3.1.0",
        "@material/tab": "^3.1.0",
        "tslib": "^1.9.3"
      }
    },
    "@material/textfield": {
      "version": "3.1.0",
      "resolved": "https://artifacts.werally.in:443/artifactory/api/npm/npm/@material/textfield/-/textfield-3.1.0.tgz",
      "integrity": "sha1-lLd6bfM3yp6q1nGB7i15PwvH5iE=",
      "requires": {
        "@material/animation": "^3.1.0",
        "@material/base": "^3.1.0",
        "@material/dom": "^3.1.0",
        "@material/floating-label": "^3.1.0",
        "@material/line-ripple": "^3.1.0",
        "@material/notched-outline": "^3.1.0",
        "@material/ripple": "^3.1.0",
        "@material/rtl": "^3.1.0",
        "@material/shape": "^3.1.0",
        "@material/theme": "^3.1.0",
        "@material/typography": "^3.1.0",
        "tslib": "^1.9.3"
      }
    },
    "@material/theme": {
      "version": "3.1.0",
      "resolved": "https://artifacts.werally.in:443/artifactory/api/npm/npm/@material/theme/-/theme-3.1.0.tgz",
      "integrity": "sha1-0xFHu8niC9qj4yLJ6Jjk/JiAfYw=",
      "requires": {
        "@material/feature-targeting": "^3.1.0"
      }
    },
    "@material/top-app-bar": {
      "version": "3.1.0",
      "resolved": "https://artifacts.werally.in:443/artifactory/api/npm/npm/@material/top-app-bar/-/top-app-bar-3.1.0.tgz",
      "integrity": "sha1-FhDaxNhSYxlczKVdijYkU8+c7KI=",
      "requires": {
        "@material/animation": "^3.1.0",
        "@material/base": "^3.1.0",
        "@material/elevation": "^3.1.0",
        "@material/icon-button": "^3.1.0",
        "@material/ripple": "^3.1.0",
        "@material/rtl": "^3.1.0",
        "@material/shape": "^3.1.0",
        "@material/theme": "^3.1.0",
        "@material/typography": "^3.1.0",
        "tslib": "^1.9.3"
      }
    },
    "@material/typography": {
      "version": "3.1.0",
      "resolved": "https://artifacts.werally.in:443/artifactory/api/npm/npm/@material/typography/-/typography-3.1.0.tgz",
      "integrity": "sha1-WjruMfSfa4yH68kbd8W4lrKAxJI=",
      "requires": {
        "@material/feature-targeting": "^3.1.0"
      }
    },
    "focus-trap": {
      "version": "5.0.2",
      "resolved": "https://artifacts.werally.in:443/artifactory/api/npm/npm/focus-trap/-/focus-trap-5.0.2.tgz",
      "integrity": "sha1-Me6KGTO5cs4kV3Ri6s78agmDPI8=",
      "requires": {
        "tabbable": "^4.0.0",
        "xtend": "^4.0.1"
      }
    },
    "material-components-web": {
      "version": "3.1.1",
      "resolved": "https://artifacts.werally.in:443/artifactory/api/npm/npm/material-components-web/-/material-components-web-3.1.1.tgz",
      "integrity": "sha1-uEltp7Loaevty7K4NDZ5UcDmAm8=",
      "requires": {
        "@material/animation": "^3.1.0",
        "@material/auto-init": "^3.1.0",
        "@material/base": "^3.1.0",
        "@material/button": "^3.1.0",
        "@material/card": "^3.1.0",
        "@material/checkbox": "^3.1.0",
        "@material/chips": "^3.1.0",
        "@material/data-table": "^3.1.1",
        "@material/dialog": "^3.1.0",
        "@material/dom": "^3.1.0",
        "@material/drawer": "^3.1.1",
        "@material/elevation": "^3.1.0",
        "@material/fab": "^3.1.0",
        "@material/feature-targeting": "^3.1.0",
        "@material/floating-label": "^3.1.0",
        "@material/form-field": "^3.1.0",
        "@material/grid-list": "^3.1.0",
        "@material/icon-button": "^3.1.0",
        "@material/image-list": "^3.1.0",
        "@material/layout-grid": "^3.1.0",
        "@material/line-ripple": "^3.1.0",
        "@material/linear-progress": "^3.1.0",
        "@material/list": "^3.1.0",
        "@material/menu": "^3.1.0",
        "@material/menu-surface": "^3.1.0",
        "@material/notched-outline": "^3.1.0",
        "@material/radio": "^3.1.0",
        "@material/ripple": "^3.1.0",
        "@material/rtl": "^3.1.0",
        "@material/select": "^3.1.0",
        "@material/shape": "^3.1.0",
        "@material/slider": "^3.1.0",
        "@material/snackbar": "^3.1.0",
        "@material/switch": "^3.1.0",
        "@material/tab": "^3.1.0",
        "@material/tab-bar": "^3.1.0",
        "@material/tab-indicator": "^3.1.0",
        "@material/tab-scroller": "^3.1.0",
        "@material/textfield": "^3.1.0",
        "@material/theme": "^3.1.0",
        "@material/top-app-bar": "^3.1.0",
        "@material/typography": "^3.1.0"
      }
    },
    "tabbable": {
      "version": "4.0.0",
      "resolved": "https://artifacts.werally.in:443/artifactory/api/npm/npm/tabbable/-/tabbable-4.0.0.tgz",
      "integrity": "sha1-W/8dETXfFILPDwIGQ08V6tvrkmE="
    },
    "tslib": {
      "version": "1.10.0",
      "resolved": "https://artifacts.werally.in:443/artifactory/api/npm/npm/tslib/-/tslib-1.10.0.tgz",
      "integrity": "sha1-w8GflZc/sKYpc/sJ2Q2WHuQ+XIo="
    },
    "xtend": {
      "version": "4.0.2",
      "resolved": "https://artifacts.werally.in:443/artifactory/api/npm/npm/xtend/-/xtend-4.0.2.tgz",
      "integrity": "sha1-u3J3n1+kZRhrH0OPZ0+jR/2121Q="
    }
  }
}
